<?xml version="1.0" encoding="utf-8"?>
<Project ToolsVersion="4.0" xmlns="http://schemas.microsoft.com/developer/msbuild/2003">
  <ItemGroup>
    <Filter Include="Network">
      <UniqueIdentifier>{68cc05af-0af8-48b0-a656-326fb6548c88}</UniqueIdentifier>
    </Filter>
    <Filter Include="Utils">
      <UniqueIdentifier>{6fdef0cd-87e3-4944-aac9-a2bd72332f1c}</UniqueIdentifier>
    </Filter>
    <Filter Include="GameInfo">
      <UniqueIdentifier>{c10040d5-7742-4472-a10c-0b2a4b900c35}</UniqueIdentifier>
    </Filter>
    <Filter Include="GameInfo\GunLoader">
      <UniqueIdentifier>{bfa1bfbf-00cf-4af8-8775-19e9a0d718a0}</UniqueIdentifier>
    </Filter>
  </ItemGroup>
  <ItemGroup>
    <ClInclude Include="pch.h">
      <Filter>Utils</Filter>
    </ClInclude>
    <ClInclude Include="CorePch.h">
      <Filter>Utils</Filter>
    </ClInclude>
    <ClInclude Include="Packet.h">
      <Filter>Network</Filter>
    </ClInclude>
    <ClInclude Include="GunLoader.h">
      <Filter>GameInfo\GunLoader</Filter>
    </ClInclude>
  </ItemGroup>
  <ItemGroup>
    <ClCompile Include="pch.cpp">
      <Filter>Utils</Filter>
    </ClCompile>
    <ClCompile Include="CorePch.cpp">
      <Filter>Utils</Filter>
    </ClCompile>
    <ClCompile Include="GunLoader.cpp">
      <Filter>GameInfo\GunLoader</Filter>
    </ClCompile>
  </ItemGroup>
</Project>