<?xml version="1.0" encoding="utf-8"?>
<Project ToolsVersion="4.0" xmlns="http://schemas.microsoft.com/developer/msbuild/2003">
  <ItemGroup>
    <Filter Include="Objects">
      <UniqueIdentifier>{3be9e9c8-37be-4532-8f2a-4002cb7d0bb1}</UniqueIdentifier>
    </Filter>
    <Filter Include="Objects\Bullet">
      <UniqueIdentifier>{e5c65c04-3e48-4acf-904f-e4143025b91d}</UniqueIdentifier>
    </Filter>
    <Filter Include="Objects\Item">
      <UniqueIdentifier>{5358b2a1-f92a-43b2-90ef-b84427ec76db}</UniqueIdentifier>
    </Filter>
    <Filter Include="Objects\Level">
      <UniqueIdentifier>{742d74f0-0289-4205-a3a4-2983880e85d3}</UniqueIdentifier>
    </Filter>
    <Filter Include="Objects\Player">
      <UniqueIdentifier>{0ff37e09-0053-4f88-9062-09848b5a2d2d}</UniqueIdentifier>
    </Filter>
    <Filter Include="Util">
      <UniqueIdentifier>{8304075f-5266-4475-adef-7d1bd2799c24}</UniqueIdentifier>
    </Filter>
    <Filter Include="Objects\gun">
      <UniqueIdentifier>{90c0887f-0eeb-4910-b8fd-3b8c74f0714f}</UniqueIdentifier>
    </Filter>
    <Filter Include="Res">
      <UniqueIdentifier>{acfae00d-ae11-4585-8cd2-6177a65c0a13}</UniqueIdentifier>
    </Filter>
    <Filter Include="Res\Image">
      <UniqueIdentifier>{1621eac8-171d-490f-9e8e-7acadcc54a47}</UniqueIdentifier>
    </Filter>
    <Filter Include="Res\Text">
      <UniqueIdentifier>{2871b454-cd73-4bd0-9488-faaabfc6974b}</UniqueIdentifier>
    </Filter>
    <Filter Include="Manager">
      <UniqueIdentifier>{057b3d75-f112-40b9-95ca-ffb3dadc272b}</UniqueIdentifier>
    </Filter>
    <Filter Include="Manager\ClientNetworkManager">
      <UniqueIdentifier>{7927147c-ba92-4cc8-9d0c-e5e59d05ba89}</UniqueIdentifier>
    </Filter>
    <Filter Include="Scene">
      <UniqueIdentifier>{85134b14-4cc2-41a9-9c23-4bdecfef8ba1}</UniqueIdentifier>
    </Filter>
    <Filter Include="Scene\SceneType">
      <UniqueIdentifier>{70250829-5448-44bb-80d6-b6a18bdddea5}</UniqueIdentifier>
    </Filter>
    <Filter Include="Manager\SceneManager">
      <UniqueIdentifier>{d439e3cc-c7c7-4ff8-8edb-020bc02cfce8}</UniqueIdentifier>
    </Filter>
  </ItemGroup>
  <ItemGroup>
    <ClCompile Include="Gun.cpp">
      <Filter>Objects\gun</Filter>
    </ClCompile>
    <ClCompile Include="Scene.cpp">
      <Filter>Scene</Filter>
    </ClCompile>
    <ClCompile Include="Player.cpp">
      <Filter>Objects\Player</Filter>
    </ClCompile>
    <ClCompile Include="Item.cpp">
      <Filter>Objects\Item</Filter>
    </ClCompile>
    <ClCompile Include="Bullet.cpp">
      <Filter>Objects\Bullet</Filter>
    </ClCompile>
    <ClCompile Include="Level.cpp">
      <Filter>Objects\Level</Filter>
    </ClCompile>
    <ClCompile Include="Utilities.cpp">
      <Filter>Util</Filter>
    </ClCompile>
    <ClCompile Include="pch.cpp">
      <Filter>Util</Filter>
    </ClCompile>
    <ClCompile Include="main.cpp" />
    <ClCompile Include="Image.cpp">
      <Filter>Res\Image</Filter>
    </ClCompile>
    <ClCompile Include="ClientNetworkManager.cpp">
      <Filter>Manager\ClientNetworkManager</Filter>
    </ClCompile>
    <ClCompile Include="GlobalVariable.cpp">
      <Filter>Util</Filter>
    </ClCompile>
    <ClCompile Include="GameScene.cpp">
      <Filter>Scene\SceneType</Filter>
    </ClCompile>
    <ClCompile Include="TitleScene.cpp">
      <Filter>Scene\SceneType</Filter>
    </ClCompile>
    <ClCompile Include="SceneManager.cpp">
      <Filter>Manager\SceneManager</Filter>
    </ClCompile>
    <ClCompile Include="Dummy.cpp">
      <Filter>Objects\Player</Filter>
    </ClCompile>
  </ItemGroup>
  <ItemGroup>
    <ClInclude Include="Gun.h">
      <Filter>Objects\gun</Filter>
    </ClInclude>
    <ClInclude Include="Scene.h">
      <Filter>Scene</Filter>
    </ClInclude>
    <ClInclude Include="Player.h">
      <Filter>Objects\Player</Filter>
    </ClInclude>
    <ClInclude Include="Item.h">
      <Filter>Objects\Item</Filter>
    </ClInclude>
    <ClInclude Include="Bullet.h">
      <Filter>Objects\Bullet</Filter>
    </ClInclude>
    <ClInclude Include="Level.h">
      <Filter>Objects\Level</Filter>
    </ClInclude>
    <ClInclude Include="Utilities.h">
      <Filter>Util</Filter>
    </ClInclude>
    <ClInclude Include="pch.h">
      <Filter>Util</Filter>
    </ClInclude>
    <ClInclude Include="Image.h">
      <Filter>Res\Image</Filter>
    </ClInclude>
    <ClInclude Include="ClientNetworkManager.h">
      <Filter>Manager\ClientNetworkManager</Filter>
    </ClInclude>
    <ClInclude Include="GlobalVariable.h">
      <Filter>Util</Filter>
    </ClInclude>
    <ClInclude Include="GameScene.h">
      <Filter>Scene\SceneType</Filter>
    </ClInclude>
    <ClInclude Include="TitleScene.h">
      <Filter>Scene\SceneType</Filter>
    </ClInclude>
    <ClInclude Include="SceneManager.h">
      <Filter>Manager\SceneManager</Filter>
    </ClInclude>
    <ClInclude Include="Dummy.h">
      <Filter>Objects\Player</Filter>
    </ClInclude>
  </ItemGroup>
</Project>