<?xml version="1.0" encoding="utf-8"?>
<Project ToolsVersion="4.0" xmlns="http://schemas.microsoft.com/developer/msbuild/2003">
  <ItemGroup>
    <ClCompile Include="World.cpp">
      <Filter>World</Filter>
    </ClCompile>
    <ClCompile Include="pch.cpp">
      <Filter>Utils</Filter>
    </ClCompile>
    <ClCompile Include="Object.cpp">
      <Filter>Objects</Filter>
    </ClCompile>
    <ClCompile Include="main.cpp" />
    <ClCompile Include="Player.cpp">
      <Filter>Objects\Player</Filter>
    </ClCompile>
    <ClCompile Include="Bullet.cpp">
      <Filter>Objects\Bullet</Filter>
    </ClCompile>
    <ClCompile Include="ServerNetworkManager.cpp">
      <Filter>Manager\ServerNetworkManager</Filter>
    </ClCompile>
    <ClCompile Include="Item.cpp">
      <Filter>Objects\Item</Filter>
    </ClCompile>
    <ClCompile Include="MovingObject.cpp">
      <Filter>Objects</Filter>
    </ClCompile>
    <ClCompile Include="GlobalVariable.cpp">
      <Filter>Utils</Filter>
    </ClCompile>
    <ClCompile Include="Platform.cpp">
      <Filter>Objects\Platform</Filter>
    </ClCompile>
  </ItemGroup>
  <ItemGroup>
    <Filter Include="World">
      <UniqueIdentifier>{c0ae6ebd-e31f-4f99-ac99-9f9672cf25aa}</UniqueIdentifier>
    </Filter>
    <Filter Include="Utils">
      <UniqueIdentifier>{aa2ff4fd-0244-4177-86a6-1b443ba040a1}</UniqueIdentifier>
    </Filter>
    <Filter Include="Objects">
      <UniqueIdentifier>{7c9e2978-d89c-4c36-ab65-cea0fe6cdd4a}</UniqueIdentifier>
    </Filter>
    <Filter Include="Objects\Player">
      <UniqueIdentifier>{b64aceca-41ba-4458-8389-94e2f448615b}</UniqueIdentifier>
    </Filter>
    <Filter Include="Objects\Bullet">
      <UniqueIdentifier>{7a1888b8-c4dc-4561-8085-61a2804f848a}</UniqueIdentifier>
    </Filter>
    <Filter Include="Manager">
      <UniqueIdentifier>{0b499d42-f1b3-4c5f-a57b-72128b342889}</UniqueIdentifier>
    </Filter>
    <Filter Include="Manager\ServerNetworkManager">
      <UniqueIdentifier>{67be619c-e3df-45c7-82ae-9415f1b15b95}</UniqueIdentifier>
    </Filter>
    <Filter Include="Objects\Item">
      <UniqueIdentifier>{128a5c5b-9e0d-4da0-a7c3-d2bb218aba4e}</UniqueIdentifier>
    </Filter>
    <Filter Include="Objects\Platform">
      <UniqueIdentifier>{4afe6328-8f85-491f-9955-917785b40035}</UniqueIdentifier>
    </Filter>
  </ItemGroup>
  <ItemGroup>
    <ClInclude Include="World.h">
      <Filter>World</Filter>
    </ClInclude>
    <ClInclude Include="pch.h">
      <Filter>Utils</Filter>
    </ClInclude>
    <ClInclude Include="Object.h">
      <Filter>Objects</Filter>
    </ClInclude>
    <ClInclude Include="Player.h">
      <Filter>Objects\Player</Filter>
    </ClInclude>
    <ClInclude Include="Bullet.h">
      <Filter>Objects\Bullet</Filter>
    </ClInclude>
    <ClInclude Include="ServerNetworkManager.h">
      <Filter>Manager\ServerNetworkManager</Filter>
    </ClInclude>
    <ClInclude Include="Item.h">
      <Filter>Objects\Item</Filter>
    </ClInclude>
    <ClInclude Include="MovingObject.h">
      <Filter>Objects</Filter>
    </ClInclude>
    <ClInclude Include="GlobalVariable.h">
      <Filter>Utils</Filter>
    </ClInclude>
    <ClInclude Include="Platform.h">
      <Filter>Objects\Platform</Filter>
    </ClInclude>
  </ItemGroup>
</Project>